// !$*UTF8*$!
{
	archiveVersion = 1;
	classes = {
	};
	objectVersion = 56;
	objects = {

/* Begin PBXBuildFile section */
		08E332C4DAE62A743F10E882 /* CryptocurrencyListinteractor.swift in Sources */ = {isa = PBXBuildFile; fileRef = 764B30FA2391A54D5AC062EB /* CryptocurrencyListinteractor.swift */; };
		19EA7AD0AD1DDDE899186056 /* FavoritesinteractorInput.swift in Sources */ = {isa = PBXBuildFile; fileRef = 606D69395EC01B47EC5F13EA /* FavoritesinteractorInput.swift */; };
		1AA4C57735996A267A480620 /* FavoritesRouter.swift in Sources */ = {isa = PBXBuildFile; fileRef = 595F3F01A1720447C75848D2 /* FavoritesRouter.swift */; };
		1CD6C5315E3893A4350AB402 /* detailsinteractorOutput.swift in Sources */ = {isa = PBXBuildFile; fileRef = 107491A03FC449FD82CF21B0 /* detailsinteractorOutput.swift */; };
		259D463BEFAB1C5F035A0CDB /* detailsModuleInput.swift in Sources */ = {isa = PBXBuildFile; fileRef = F5FFC44FD33212BC5B3B6F8C /* detailsModuleInput.swift */; };
		281036DE2AF6F6B44C6F7CC6 /* detailsViewInput.swift in Sources */ = {isa = PBXBuildFile; fileRef = E58689169D16B91D46879D79 /* detailsViewInput.swift */; };
		2CAF48DFB46FC930FCC66AE8 /* Pods_Cryptocurrency.framework in Frameworks */ = {isa = PBXBuildFile; fileRef = C2E5BB380C14A909ED5C13B0 /* Pods_Cryptocurrency.framework */; };
		311C5A2B1BA656DCD6612052 /* CryptocurrencyListinteractorInput.swift in Sources */ = {isa = PBXBuildFile; fileRef = 20F18659DC36D2EDF502E5D4 /* CryptocurrencyListinteractorInput.swift */; };
		31CCB202AB2A89356C2CB9E4 /* FavoritesViewController.swift in Sources */ = {isa = PBXBuildFile; fileRef = 5733C16E7E0EE9CE4AD95158 /* FavoritesViewController.swift */; };
		3EDE10D52029A7993B1CECEA /* CryptocurrencyListinteractorOutput.swift in Sources */ = {isa = PBXBuildFile; fileRef = 5B6CE7BC551BAC0582E7E1A3 /* CryptocurrencyListinteractorOutput.swift */; };
		3FA7E47BE44AF7DBF1F1F7CA /* CryptocurrencyListRouterInput.swift in Sources */ = {isa = PBXBuildFile; fileRef = AA78628EF0F74A799505FAB5 /* CryptocurrencyListRouterInput.swift */; };
		44079BB5CB37E362367093F5 /* detailsPresenter.swift in Sources */ = {isa = PBXBuildFile; fileRef = 0CEB05C6755A52C5FF730859 /* detailsPresenter.swift */; };
		49AB795E9D74781D272B55D8 /* CryptocurrencyListModuleInput.swift in Sources */ = {isa = PBXBuildFile; fileRef = 88D28C756757653695FBB9FB /* CryptocurrencyListModuleInput.swift */; };
		6299FF763E39FF638091FD4B /* detailsRouterInput.swift in Sources */ = {isa = PBXBuildFile; fileRef = EA6EAD760B3363A385547E67 /* detailsRouterInput.swift */; };
		6D70745ED872C6060205DB5B /* CryptocurrencyListRouter.swift in Sources */ = {isa = PBXBuildFile; fileRef = 7BF4F2CB7229A2B21E17EA80 /* CryptocurrencyListRouter.swift */; };
		6DBC07B9CC55B47273426863 /* detailsinteractor.swift in Sources */ = {isa = PBXBuildFile; fileRef = 38462DC92F4CEE868194B4AE /* detailsinteractor.swift */; };
		71E9BD538FEB9A7AE2E09D2D /* FavoritesinteractorOutput.swift in Sources */ = {isa = PBXBuildFile; fileRef = DE19D4D403E1A99A91E05C8A /* FavoritesinteractorOutput.swift */; };
		7CF8290B02095BEFDE8EE045 /* Favoritesinteractor.swift in Sources */ = {isa = PBXBuildFile; fileRef = 38B8D650D632FED5F8B58643 /* Favoritesinteractor.swift */; };
		7E22B3E0EE2120FC049B8FAB /* CryptocurrencyListViewOutput.swift in Sources */ = {isa = PBXBuildFile; fileRef = 3F3D0D03863792559F014D3C /* CryptocurrencyListViewOutput.swift */; };
		8460A08AEE49D7C79D813A02 /* FavoritesViewOutput.swift in Sources */ = {isa = PBXBuildFile; fileRef = 05AACF9B4F6367746CFB21D9 /* FavoritesViewOutput.swift */; };
		A1F149A6BD0E8590AE96BA45 /* detailsRouter.swift in Sources */ = {isa = PBXBuildFile; fileRef = E5057F7640C3582550C400AC /* detailsRouter.swift */; };
		A3B85E569B527A19E4E80325 /* detailsViewController.swift in Sources */ = {isa = PBXBuildFile; fileRef = 6F462C190BEC7B99FD4CC24F /* detailsViewController.swift */; };
		A6E44E63C0AA7739284C5C29 /* CryptocurrencyListFactory.swift in Sources */ = {isa = PBXBuildFile; fileRef = 4C309D4923BD8056E8528B39 /* CryptocurrencyListFactory.swift */; };
		A717821C874D3354EBA1E9E7 /* FavoritesRouterInput.swift in Sources */ = {isa = PBXBuildFile; fileRef = C41FF8912F587EBFE2EC3F05 /* FavoritesRouterInput.swift */; };
		A735AA18F9A5E343D6E3BFB8 /* detailsFactory.swift in Sources */ = {isa = PBXBuildFile; fileRef = 5E31757600F28831601B6718 /* detailsFactory.swift */; };
		B12721C68A0702DE9ECA1C53 /* CryptocurrencyListViewController.swift in Sources */ = {isa = PBXBuildFile; fileRef = 7CC656FA1772623BA1C02E70 /* CryptocurrencyListViewController.swift */; };
		C5AE8625778C1A199938FF4E /* FavoritesFactory.swift in Sources */ = {isa = PBXBuildFile; fileRef = 050A182F2AF4077447297B81 /* FavoritesFactory.swift */; };
		C939C8527639E46B14A7D582 /* FavoritesPresenter.swift in Sources */ = {isa = PBXBuildFile; fileRef = BB4E7573AD1738DD005DB9D5 /* FavoritesPresenter.swift */; };
		D3ED182C3A3288029D0C3E0F /* FavoritesViewInput.swift in Sources */ = {isa = PBXBuildFile; fileRef = A3B358C926C4B318B4DE5114 /* FavoritesViewInput.swift */; };
		D4432FC72E6DF5DD007CF2A0 /* MainModuleAssembler.swift in Sources */ = {isa = PBXBuildFile; fileRef = D4432FC62E6DF5DD007CF2A0 /* MainModuleAssembler.swift */; };
		D4432FCC2E6DF6D4007CF2A0 /* UIViewInput.swift in Sources */ = {isa = PBXBuildFile; fileRef = D4432FCB2E6DF6D4007CF2A0 /* UIViewInput.swift */; };
		D4432FCE2E6DF8C0007CF2A0 /* TransitionHandler.swift in Sources */ = {isa = PBXBuildFile; fileRef = D4432FCD2E6DF8C0007CF2A0 /* TransitionHandler.swift */; };
		D4AEFAD42E7324E5004248E7 /* TabBarController.swift in Sources */ = {isa = PBXBuildFile; fileRef = D4AEFAD32E7324E5004248E7 /* TabBarController.swift */; };
		D4B343E32E79BBA3006FC3EB /* Coin.swift in Sources */ = {isa = PBXBuildFile; fileRef = D4B343E22E79BBA3006FC3EB /* Coin.swift */; };
		D4B343E52E7AFAF1006FC3EB /* DetailsSegmentControl.swift in Sources */ = {isa = PBXBuildFile; fileRef = D4B343E42E7AFAF1006FC3EB /* DetailsSegmentControl.swift */; };
		D4B343E72E7DA312006FC3EB /* CryptoCurrencyTableViewCell.swift in Sources */ = {isa = PBXBuildFile; fileRef = D4B343E62E7DA312006FC3EB /* CryptoCurrencyTableViewCell.swift */; };
		D4B343EA2E818ACF006FC3EB /* String+FirstUppercased.swift in Sources */ = {isa = PBXBuildFile; fileRef = D4B343E92E818ACF006FC3EB /* String+FirstUppercased.swift */; };
		D4B343EC2E8193A2006FC3EB /* CoinHeaderView.swift in Sources */ = {isa = PBXBuildFile; fileRef = D4B343EB2E8193A2006FC3EB /* CoinHeaderView.swift */; };
		D4B343EE2E841629006FC3EB /* FavoritesServiceProtocol.swift in Sources */ = {isa = PBXBuildFile; fileRef = D4B343ED2E841629006FC3EB /* FavoritesServiceProtocol.swift */; };
		D4B343F12E8416A8006FC3EB /* FavoritesService.swift in Sources */ = {isa = PBXBuildFile; fileRef = D4B343F02E8416A8006FC3EB /* FavoritesService.swift */; };
		D4B343F42E85A437006FC3EB /* NoInternetViewController.swift in Sources */ = {isa = PBXBuildFile; fileRef = D4B343F32E85A437006FC3EB /* NoInternetViewController.swift */; };
		D4B343F62E85A4A2006FC3EB /* NetworkMonitor.swift in Sources */ = {isa = PBXBuildFile; fileRef = D4B343F52E85A4A2006FC3EB /* NetworkMonitor.swift */; };
		D4B343F82E85AAEA006FC3EB /* CoinCellViewModel.swift in Sources */ = {isa = PBXBuildFile; fileRef = D4B343F72E85AAEA006FC3EB /* CoinCellViewModel.swift */; };
		D4B343FA2E85B237006FC3EB /* UITableViewCell+identifier.swift in Sources */ = {isa = PBXBuildFile; fileRef = D4B343F92E85B237006FC3EB /* UITableViewCell+identifier.swift */; };
		D4B343FC2E85B422006FC3EB /* UITableView+register.swift in Sources */ = {isa = PBXBuildFile; fileRef = D4B343FB2E85B422006FC3EB /* UITableView+register.swift */; };
		D4B343FE2E85B52C006FC3EB /* UITableView+dequeue.swift in Sources */ = {isa = PBXBuildFile; fileRef = D4B343FD2E85B52C006FC3EB /* UITableView+dequeue.swift */; };
		D4BB88112E6A01F80000CAF0 /* AppDelegate.swift in Sources */ = {isa = PBXBuildFile; fileRef = D4BB88102E6A01F80000CAF0 /* AppDelegate.swift */; };
		D4BB88132E6A01F80000CAF0 /* SceneDelegate.swift in Sources */ = {isa = PBXBuildFile; fileRef = D4BB88122E6A01F80000CAF0 /* SceneDelegate.swift */; };
		D4BB88182E6A01F80000CAF0 /* Main.storyboard in Resources */ = {isa = PBXBuildFile; fileRef = D4BB88162E6A01F80000CAF0 /* Main.storyboard */; };
		D4BB881A2E6A01FB0000CAF0 /* Assets.xcassets in Resources */ = {isa = PBXBuildFile; fileRef = D4BB88192E6A01FB0000CAF0 /* Assets.xcassets */; };
		D4BB881D2E6A01FB0000CAF0 /* LaunchScreen.storyboard in Resources */ = {isa = PBXBuildFile; fileRef = D4BB881B2E6A01FB0000CAF0 /* LaunchScreen.storyboard */; };
		DE893780A03BA0759AB1DD23 /* detailsViewOutput.swift in Sources */ = {isa = PBXBuildFile; fileRef = 42B1D646176CE1BCF2521526 /* detailsViewOutput.swift */; };
		E35E00AF621411927120B31B /* FavoritesModuleInput.swift in Sources */ = {isa = PBXBuildFile; fileRef = 014ECC7C9CBA1A4395FE5136 /* FavoritesModuleInput.swift */; };
		F0BE90A9383C8734A667B94F /* detailsinteractorInput.swift in Sources */ = {isa = PBXBuildFile; fileRef = A133D7656B0B2EB06E51F15F /* detailsinteractorInput.swift */; };
		F6DE6824FD6B24B905A09EDB /* CryptocurrencyListPresenter.swift in Sources */ = {isa = PBXBuildFile; fileRef = 8DFAEE5B3F93C73D8751BEDE /* CryptocurrencyListPresenter.swift */; };
		FF6C0957C5E7D543233B6A66 /* CryptocurrencyListViewInput.swift in Sources */ = {isa = PBXBuildFile; fileRef = 5849B7FD88F0F117021D5E4D /* CryptocurrencyListViewInput.swift */; };
/* End PBXBuildFile section */

/* Begin PBXFileReference section */
		014ECC7C9CBA1A4395FE5136 /* FavoritesModuleInput.swift */ = {isa = PBXFileReference; includeInIndex = 1; lastKnownFileType = sourcecode.swift; path = FavoritesModuleInput.swift; sourceTree = "<group>"; };
		050A182F2AF4077447297B81 /* FavoritesFactory.swift */ = {isa = PBXFileReference; includeInIndex = 1; lastKnownFileType = sourcecode.swift; path = FavoritesFactory.swift; sourceTree = "<group>"; };
		05AACF9B4F6367746CFB21D9 /* FavoritesViewOutput.swift */ = {isa = PBXFileReference; includeInIndex = 1; lastKnownFileType = sourcecode.swift; path = FavoritesViewOutput.swift; sourceTree = "<group>"; };
		0CEB05C6755A52C5FF730859 /* detailsPresenter.swift */ = {isa = PBXFileReference; includeInIndex = 1; lastKnownFileType = sourcecode.swift; path = detailsPresenter.swift; sourceTree = "<group>"; };
		107491A03FC449FD82CF21B0 /* detailsinteractorOutput.swift */ = {isa = PBXFileReference; includeInIndex = 1; lastKnownFileType = sourcecode.swift; path = detailsinteractorOutput.swift; sourceTree = "<group>"; };
		20F18659DC36D2EDF502E5D4 /* CryptocurrencyListinteractorInput.swift */ = {isa = PBXFileReference; includeInIndex = 1; lastKnownFileType = sourcecode.swift; path = CryptocurrencyListinteractorInput.swift; sourceTree = "<group>"; };
		38462DC92F4CEE868194B4AE /* detailsinteractor.swift */ = {isa = PBXFileReference; includeInIndex = 1; lastKnownFileType = sourcecode.swift; path = detailsinteractor.swift; sourceTree = "<group>"; };
		38B8D650D632FED5F8B58643 /* Favoritesinteractor.swift */ = {isa = PBXFileReference; includeInIndex = 1; lastKnownFileType = sourcecode.swift; path = Favoritesinteractor.swift; sourceTree = "<group>"; };
		3F3D0D03863792559F014D3C /* CryptocurrencyListViewOutput.swift */ = {isa = PBXFileReference; includeInIndex = 1; lastKnownFileType = sourcecode.swift; path = CryptocurrencyListViewOutput.swift; sourceTree = "<group>"; };
		42B1D646176CE1BCF2521526 /* detailsViewOutput.swift */ = {isa = PBXFileReference; includeInIndex = 1; lastKnownFileType = sourcecode.swift; path = detailsViewOutput.swift; sourceTree = "<group>"; };
		4C309D4923BD8056E8528B39 /* CryptocurrencyListFactory.swift */ = {isa = PBXFileReference; includeInIndex = 1; lastKnownFileType = sourcecode.swift; path = CryptocurrencyListFactory.swift; sourceTree = "<group>"; };
		5733C16E7E0EE9CE4AD95158 /* FavoritesViewController.swift */ = {isa = PBXFileReference; includeInIndex = 1; lastKnownFileType = sourcecode.swift; path = FavoritesViewController.swift; sourceTree = "<group>"; };
		5849B7FD88F0F117021D5E4D /* CryptocurrencyListViewInput.swift */ = {isa = PBXFileReference; includeInIndex = 1; lastKnownFileType = sourcecode.swift; path = CryptocurrencyListViewInput.swift; sourceTree = "<group>"; };
		595F3F01A1720447C75848D2 /* FavoritesRouter.swift */ = {isa = PBXFileReference; includeInIndex = 1; lastKnownFileType = sourcecode.swift; path = FavoritesRouter.swift; sourceTree = "<group>"; };
		5B6CE7BC551BAC0582E7E1A3 /* CryptocurrencyListinteractorOutput.swift */ = {isa = PBXFileReference; includeInIndex = 1; lastKnownFileType = sourcecode.swift; path = CryptocurrencyListinteractorOutput.swift; sourceTree = "<group>"; };
		5E31757600F28831601B6718 /* detailsFactory.swift */ = {isa = PBXFileReference; includeInIndex = 1; lastKnownFileType = sourcecode.swift; path = detailsFactory.swift; sourceTree = "<group>"; };
		606D69395EC01B47EC5F13EA /* FavoritesinteractorInput.swift */ = {isa = PBXFileReference; includeInIndex = 1; lastKnownFileType = sourcecode.swift; path = FavoritesinteractorInput.swift; sourceTree = "<group>"; };
		6B128B0F9CE17CB770AB6762 /* Pods-Cryptocurrency.debug.xcconfig */ = {isa = PBXFileReference; includeInIndex = 1; lastKnownFileType = text.xcconfig; name = "Pods-Cryptocurrency.debug.xcconfig"; path = "Target Support Files/Pods-Cryptocurrency/Pods-Cryptocurrency.debug.xcconfig"; sourceTree = "<group>"; };
		6F462C190BEC7B99FD4CC24F /* detailsViewController.swift */ = {isa = PBXFileReference; includeInIndex = 1; lastKnownFileType = sourcecode.swift; path = detailsViewController.swift; sourceTree = "<group>"; };
		764B30FA2391A54D5AC062EB /* CryptocurrencyListinteractor.swift */ = {isa = PBXFileReference; includeInIndex = 1; lastKnownFileType = sourcecode.swift; path = CryptocurrencyListinteractor.swift; sourceTree = "<group>"; };
		7BF4F2CB7229A2B21E17EA80 /* CryptocurrencyListRouter.swift */ = {isa = PBXFileReference; includeInIndex = 1; lastKnownFileType = sourcecode.swift; path = CryptocurrencyListRouter.swift; sourceTree = "<group>"; };
		7CC656FA1772623BA1C02E70 /* CryptocurrencyListViewController.swift */ = {isa = PBXFileReference; includeInIndex = 1; lastKnownFileType = sourcecode.swift; path = CryptocurrencyListViewController.swift; sourceTree = "<group>"; };
		88D28C756757653695FBB9FB /* CryptocurrencyListModuleInput.swift */ = {isa = PBXFileReference; includeInIndex = 1; lastKnownFileType = sourcecode.swift; path = CryptocurrencyListModuleInput.swift; sourceTree = "<group>"; };
		8DFAEE5B3F93C73D8751BEDE /* CryptocurrencyListPresenter.swift */ = {isa = PBXFileReference; includeInIndex = 1; lastKnownFileType = sourcecode.swift; path = CryptocurrencyListPresenter.swift; sourceTree = "<group>"; };
		A133D7656B0B2EB06E51F15F /* detailsinteractorInput.swift */ = {isa = PBXFileReference; includeInIndex = 1; lastKnownFileType = sourcecode.swift; path = detailsinteractorInput.swift; sourceTree = "<group>"; };
		A3B358C926C4B318B4DE5114 /* FavoritesViewInput.swift */ = {isa = PBXFileReference; includeInIndex = 1; lastKnownFileType = sourcecode.swift; path = FavoritesViewInput.swift; sourceTree = "<group>"; };
		AA78628EF0F74A799505FAB5 /* CryptocurrencyListRouterInput.swift */ = {isa = PBXFileReference; includeInIndex = 1; lastKnownFileType = sourcecode.swift; path = CryptocurrencyListRouterInput.swift; sourceTree = "<group>"; };
		BB4E7573AD1738DD005DB9D5 /* FavoritesPresenter.swift */ = {isa = PBXFileReference; includeInIndex = 1; lastKnownFileType = sourcecode.swift; path = FavoritesPresenter.swift; sourceTree = "<group>"; };
		C2E5BB380C14A909ED5C13B0 /* Pods_Cryptocurrency.framework */ = {isa = PBXFileReference; explicitFileType = wrapper.framework; includeInIndex = 0; path = Pods_Cryptocurrency.framework; sourceTree = BUILT_PRODUCTS_DIR; };
		C41FF8912F587EBFE2EC3F05 /* FavoritesRouterInput.swift */ = {isa = PBXFileReference; includeInIndex = 1; lastKnownFileType = sourcecode.swift; path = FavoritesRouterInput.swift; sourceTree = "<group>"; };
		D4432FC62E6DF5DD007CF2A0 /* MainModuleAssembler.swift */ = {isa = PBXFileReference; lastKnownFileType = sourcecode.swift; path = MainModuleAssembler.swift; sourceTree = "<group>"; };
		D4432FCB2E6DF6D4007CF2A0 /* UIViewInput.swift */ = {isa = PBXFileReference; lastKnownFileType = sourcecode.swift; path = UIViewInput.swift; sourceTree = "<group>"; };
		D4432FCD2E6DF8C0007CF2A0 /* TransitionHandler.swift */ = {isa = PBXFileReference; lastKnownFileType = sourcecode.swift; path = TransitionHandler.swift; sourceTree = "<group>"; };
		D4AEFAD32E7324E5004248E7 /* TabBarController.swift */ = {isa = PBXFileReference; lastKnownFileType = sourcecode.swift; path = TabBarController.swift; sourceTree = "<group>"; };
		D4B343E22E79BBA3006FC3EB /* Coin.swift */ = {isa = PBXFileReference; lastKnownFileType = sourcecode.swift; path = Coin.swift; sourceTree = "<group>"; };
		D4B343E42E7AFAF1006FC3EB /* DetailsSegmentControl.swift */ = {isa = PBXFileReference; lastKnownFileType = sourcecode.swift; path = DetailsSegmentControl.swift; sourceTree = "<group>"; };
		D4B343E62E7DA312006FC3EB /* CryptoCurrencyTableViewCell.swift */ = {isa = PBXFileReference; lastKnownFileType = sourcecode.swift; path = CryptoCurrencyTableViewCell.swift; sourceTree = "<group>"; };
		D4B343E92E818ACF006FC3EB /* String+FirstUppercased.swift */ = {isa = PBXFileReference; lastKnownFileType = sourcecode.swift; path = "String+FirstUppercased.swift"; sourceTree = "<group>"; };
		D4B343EB2E8193A2006FC3EB /* CoinHeaderView.swift */ = {isa = PBXFileReference; lastKnownFileType = sourcecode.swift; path = CoinHeaderView.swift; sourceTree = "<group>"; };
		D4B343ED2E841629006FC3EB /* FavoritesServiceProtocol.swift */ = {isa = PBXFileReference; lastKnownFileType = sourcecode.swift; path = FavoritesServiceProtocol.swift; sourceTree = "<group>"; };
		D4B343F02E8416A8006FC3EB /* FavoritesService.swift */ = {isa = PBXFileReference; lastKnownFileType = sourcecode.swift; path = FavoritesService.swift; sourceTree = "<group>"; };
		D4B343F32E85A437006FC3EB /* NoInternetViewController.swift */ = {isa = PBXFileReference; lastKnownFileType = sourcecode.swift; path = NoInternetViewController.swift; sourceTree = "<group>"; };
		D4B343F52E85A4A2006FC3EB /* NetworkMonitor.swift */ = {isa = PBXFileReference; lastKnownFileType = sourcecode.swift; path = NetworkMonitor.swift; sourceTree = "<group>"; };
		D4B343F72E85AAEA006FC3EB /* CoinCellViewModel.swift */ = {isa = PBXFileReference; lastKnownFileType = sourcecode.swift; path = CoinCellViewModel.swift; sourceTree = "<group>"; };
		D4B343F92E85B237006FC3EB /* UITableViewCell+identifier.swift */ = {isa = PBXFileReference; lastKnownFileType = sourcecode.swift; path = "UITableViewCell+identifier.swift"; sourceTree = "<group>"; };
		D4B343FB2E85B422006FC3EB /* UITableView+register.swift */ = {isa = PBXFileReference; lastKnownFileType = sourcecode.swift; path = "UITableView+register.swift"; sourceTree = "<group>"; };
		D4B343FD2E85B52C006FC3EB /* UITableView+dequeue.swift */ = {isa = PBXFileReference; lastKnownFileType = sourcecode.swift; path = "UITableView+dequeue.swift"; sourceTree = "<group>"; };
		D4BB880D2E6A01F80000CAF0 /* Cryptocurrency.app */ = {isa = PBXFileReference; explicitFileType = wrapper.application; includeInIndex = 0; path = Cryptocurrency.app; sourceTree = BUILT_PRODUCTS_DIR; };
		D4BB88102E6A01F80000CAF0 /* AppDelegate.swift */ = {isa = PBXFileReference; lastKnownFileType = sourcecode.swift; path = AppDelegate.swift; sourceTree = "<group>"; };
		D4BB88122E6A01F80000CAF0 /* SceneDelegate.swift */ = {isa = PBXFileReference; lastKnownFileType = sourcecode.swift; path = SceneDelegate.swift; sourceTree = "<group>"; };
		D4BB88172E6A01F80000CAF0 /* Base */ = {isa = PBXFileReference; lastKnownFileType = file.storyboard; name = Base; path = Base.lproj/Main.storyboard; sourceTree = "<group>"; };
		D4BB88192E6A01FB0000CAF0 /* Assets.xcassets */ = {isa = PBXFileReference; lastKnownFileType = folder.assetcatalog; path = Assets.xcassets; sourceTree = "<group>"; };
		D4BB881C2E6A01FB0000CAF0 /* Base */ = {isa = PBXFileReference; lastKnownFileType = file.storyboard; name = Base; path = Base.lproj/LaunchScreen.storyboard; sourceTree = "<group>"; };
		D4BB881E2E6A01FB0000CAF0 /* Info.plist */ = {isa = PBXFileReference; lastKnownFileType = text.plist.xml; path = Info.plist; sourceTree = "<group>"; };
		DE19D4D403E1A99A91E05C8A /* FavoritesinteractorOutput.swift */ = {isa = PBXFileReference; includeInIndex = 1; lastKnownFileType = sourcecode.swift; path = FavoritesinteractorOutput.swift; sourceTree = "<group>"; };
		E5057F7640C3582550C400AC /* detailsRouter.swift */ = {isa = PBXFileReference; includeInIndex = 1; lastKnownFileType = sourcecode.swift; path = detailsRouter.swift; sourceTree = "<group>"; };
		E58689169D16B91D46879D79 /* detailsViewInput.swift */ = {isa = PBXFileReference; includeInIndex = 1; lastKnownFileType = sourcecode.swift; path = detailsViewInput.swift; sourceTree = "<group>"; };
		EA6EAD760B3363A385547E67 /* detailsRouterInput.swift */ = {isa = PBXFileReference; includeInIndex = 1; lastKnownFileType = sourcecode.swift; path = detailsRouterInput.swift; sourceTree = "<group>"; };
		F5FFC44FD33212BC5B3B6F8C /* detailsModuleInput.swift */ = {isa = PBXFileReference; includeInIndex = 1; lastKnownFileType = sourcecode.swift; path = detailsModuleInput.swift; sourceTree = "<group>"; };
		FFCBB7358A7888861A857290 /* Pods-Cryptocurrency.release.xcconfig */ = {isa = PBXFileReference; includeInIndex = 1; lastKnownFileType = text.xcconfig; name = "Pods-Cryptocurrency.release.xcconfig"; path = "Target Support Files/Pods-Cryptocurrency/Pods-Cryptocurrency.release.xcconfig"; sourceTree = "<group>"; };
/* End PBXFileReference section */

/* Begin PBXFrameworksBuildPhase section */
		D4BB880A2E6A01F80000CAF0 /* Frameworks */ = {
			isa = PBXFrameworksBuildPhase;
			buildActionMask = 2147483647;
			files = (
				2CAF48DFB46FC930FCC66AE8 /* Pods_Cryptocurrency.framework in Frameworks */,
			);
			runOnlyForDeploymentPostprocessing = 0;
		};
/* End PBXFrameworksBuildPhase section */

/* Begin PBXGroup section */
		0331FCC37C893456D5CF0F33 /* View */ = {
			isa = PBXGroup;
			children = (
				A3B358C926C4B318B4DE5114 /* FavoritesViewInput.swift */,
				05AACF9B4F6367746CFB21D9 /* FavoritesViewOutput.swift */,
				5733C16E7E0EE9CE4AD95158 /* FavoritesViewController.swift */,
			);
			path = View;
			sourceTree = "<group>";
		};
		049119DCE4559C225975A734 /* Interactor */ = {
			isa = PBXGroup;
			children = (
				A133D7656B0B2EB06E51F15F /* detailsinteractorInput.swift */,
				107491A03FC449FD82CF21B0 /* detailsinteractorOutput.swift */,
				38462DC92F4CEE868194B4AE /* detailsinteractor.swift */,
			);
			path = Interactor;
			sourceTree = "<group>";
		};
		0B040C3E7C00871324B57729 /* Presenter */ = {
			isa = PBXGroup;
			children = (
				014ECC7C9CBA1A4395FE5136 /* FavoritesModuleInput.swift */,
				BB4E7573AD1738DD005DB9D5 /* FavoritesPresenter.swift */,
			);
			path = Presenter;
			sourceTree = "<group>";
		};
		1D50E359719C45F2585D2C34 /* Presenter */ = {
			isa = PBXGroup;
			children = (
				88D28C756757653695FBB9FB /* CryptocurrencyListModuleInput.swift */,
				8DFAEE5B3F93C73D8751BEDE /* CryptocurrencyListPresenter.swift */,
			);
			path = Presenter;
			sourceTree = "<group>";
		};
		20296627A41C5D95947B758B /* View */ = {
			isa = PBXGroup;
			children = (
				5849B7FD88F0F117021D5E4D /* CryptocurrencyListViewInput.swift */,
				3F3D0D03863792559F014D3C /* CryptocurrencyListViewOutput.swift */,
				7CC656FA1772623BA1C02E70 /* CryptocurrencyListViewController.swift */,
				D4B343F52E85A4A2006FC3EB /* NetworkMonitor.swift */,
				D4B343E62E7DA312006FC3EB /* CryptoCurrencyTableViewCell.swift */,
				D4B343F32E85A437006FC3EB /* NoInternetViewController.swift */,
			);
			path = View;
			sourceTree = "<group>";
		};
		3215642CCD5BDACA77378397 /* Factory */ = {
			isa = PBXGroup;
			children = (
				5E31757600F28831601B6718 /* detailsFactory.swift */,
			);
			path = Factory;
			sourceTree = "<group>";
		};
		57F0BF51FE9CEC062D847E06 /* Favorites */ = {
			isa = PBXGroup;
			children = (
				8C8790418B056E3DB3F737F5 /* Factory */,
				0331FCC37C893456D5CF0F33 /* View */,
				0B040C3E7C00871324B57729 /* Presenter */,
				7E10381B80CE198BA834EE2E /* Router */,
				6001D71F9327911AB48A5572 /* Interactor */,
			);
			path = Favorites;
			sourceTree = "<group>";
		};
		5940218D6703047ADA2849EC /* View */ = {
			isa = PBXGroup;
			children = (
				E58689169D16B91D46879D79 /* detailsViewInput.swift */,
				42B1D646176CE1BCF2521526 /* detailsViewOutput.swift */,
				6F462C190BEC7B99FD4CC24F /* detailsViewController.swift */,
				D4B343EB2E8193A2006FC3EB /* CoinHeaderView.swift */,
			);
			path = View;
			sourceTree = "<group>";
		};
		5E4235F8F5D191520EDD94CD /* Router */ = {
			isa = PBXGroup;
			children = (
				EA6EAD760B3363A385547E67 /* detailsRouterInput.swift */,
				E5057F7640C3582550C400AC /* detailsRouter.swift */,
			);
			path = Router;
			sourceTree = "<group>";
		};
		6001D71F9327911AB48A5572 /* Interactor */ = {
			isa = PBXGroup;
			children = (
				606D69395EC01B47EC5F13EA /* FavoritesinteractorInput.swift */,
				DE19D4D403E1A99A91E05C8A /* FavoritesinteractorOutput.swift */,
				38B8D650D632FED5F8B58643 /* Favoritesinteractor.swift */,
			);
			path = Interactor;
			sourceTree = "<group>";
		};
		66A7A28CD0015B83C9B381B1 /* Pods */ = {
			isa = PBXGroup;
			children = (
				6B128B0F9CE17CB770AB6762 /* Pods-Cryptocurrency.debug.xcconfig */,
				FFCBB7358A7888861A857290 /* Pods-Cryptocurrency.release.xcconfig */,
			);
			path = Pods;
			sourceTree = "<group>";
		};
		7E10381B80CE198BA834EE2E /* Router */ = {
			isa = PBXGroup;
			children = (
				C41FF8912F587EBFE2EC3F05 /* FavoritesRouterInput.swift */,
				595F3F01A1720447C75848D2 /* FavoritesRouter.swift */,
			);
			path = Router;
			sourceTree = "<group>";
		};
		8C8790418B056E3DB3F737F5 /* Factory */ = {
			isa = PBXGroup;
			children = (
				050A182F2AF4077447297B81 /* FavoritesFactory.swift */,
			);
			path = Factory;
			sourceTree = "<group>";
		};
		988A0CB3A7C7405E50C70393 /* Interactor */ = {
			isa = PBXGroup;
			children = (
				20F18659DC36D2EDF502E5D4 /* CryptocurrencyListinteractorInput.swift */,
				5B6CE7BC551BAC0582E7E1A3 /* CryptocurrencyListinteractorOutput.swift */,
				764B30FA2391A54D5AC062EB /* CryptocurrencyListinteractor.swift */,
			);
			path = Interactor;
			sourceTree = "<group>";
		};
		AD0E32422F0FA5CB74FB3904 /* presentation */ = {
			isa = PBXGroup;
			children = (
				D4AEFACD2E71D687004248E7 /* MainTabBar */,
				D4432FCA2E6DF6BF007CF2A0 /* Helpers */,
				FE86DBBFE996D5ABFA6E7F44 /* CryptocurrencyList */,
				57F0BF51FE9CEC062D847E06 /* Favorites */,
				C82FDE7B4BF20F0237CE6BA3 /* details */,
			);
			path = presentation;
			sourceTree = "<group>";
		};
		B9DB615B96A48923CF496018 /* Frameworks */ = {
			isa = PBXGroup;
			children = (
				C2E5BB380C14A909ED5C13B0 /* Pods_Cryptocurrency.framework */,
			);
			name = Frameworks;
			sourceTree = "<group>";
		};
		BDAEFEF00D9FE3B827029B94 /* Presenter */ = {
			isa = PBXGroup;
			children = (
				F5FFC44FD33212BC5B3B6F8C /* detailsModuleInput.swift */,
				0CEB05C6755A52C5FF730859 /* detailsPresenter.swift */,
			);
			path = Presenter;
			sourceTree = "<group>";
		};
		C0E8B65DC24DBB756ACE462A /* Factory */ = {
			isa = PBXGroup;
			children = (
				4C309D4923BD8056E8528B39 /* CryptocurrencyListFactory.swift */,
			);
			path = Factory;
			sourceTree = "<group>";
		};
		C82FDE7B4BF20F0237CE6BA3 /* details */ = {
			isa = PBXGroup;
			children = (
				3215642CCD5BDACA77378397 /* Factory */,
				5940218D6703047ADA2849EC /* View */,
				BDAEFEF00D9FE3B827029B94 /* Presenter */,
				5E4235F8F5D191520EDD94CD /* Router */,
				049119DCE4559C225975A734 /* Interactor */,
			);
			path = details;
			sourceTree = "<group>";
		};
		D4432FC82E6DF5FD007CF2A0 /* App */ = {
			isa = PBXGroup;
			children = (
				D4432FC62E6DF5DD007CF2A0 /* MainModuleAssembler.swift */,
				D4BB88102E6A01F80000CAF0 /* AppDelegate.swift */,
				D4BB88122E6A01F80000CAF0 /* SceneDelegate.swift */,
				D4432FCD2E6DF8C0007CF2A0 /* TransitionHandler.swift */,
			);
			path = App;
			sourceTree = "<group>";
		};
		D4432FCA2E6DF6BF007CF2A0 /* Helpers */ = {
			isa = PBXGroup;
			children = (
				D4432FCB2E6DF6D4007CF2A0 /* UIViewInput.swift */,
			);
			path = Helpers;
			sourceTree = "<group>";
		};
		D4AEFACD2E71D687004248E7 /* MainTabBar */ = {
			isa = PBXGroup;
			children = (
				D4AEFAD32E7324E5004248E7 /* TabBarController.swift */,
				D4B343E42E7AFAF1006FC3EB /* DetailsSegmentControl.swift */,
			);
			path = MainTabBar;
			sourceTree = "<group>";
		};
		D4B343E12E79BB5B006FC3EB /* Entity */ = {
			isa = PBXGroup;
			children = (
				D4B343E22E79BBA3006FC3EB /* Coin.swift */,
				D4B343F72E85AAEA006FC3EB /* CoinCellViewModel.swift */,
			);
			path = Entity;
			sourceTree = "<group>";
		};
		D4B343E82E818AB0006FC3EB /* Extention */ = {
			isa = PBXGroup;
			children = (
				D4B343E92E818ACF006FC3EB /* String+FirstUppercased.swift */,
				D4B343F92E85B237006FC3EB /* UITableViewCell+identifier.swift */,
				D4B343FB2E85B422006FC3EB /* UITableView+register.swift */,
				D4B343FD2E85B52C006FC3EB /* UITableView+dequeue.swift */,
			);
			path = Extention;
			sourceTree = "<group>";
		};
		D4B343EF2E84163B006FC3EB /* Services */ = {
			isa = PBXGroup;
			children = (
				D4B343ED2E841629006FC3EB /* FavoritesServiceProtocol.swift */,
				D4B343F02E8416A8006FC3EB /* FavoritesService.swift */,
			);
			path = Services;
			sourceTree = "<group>";
		};
		D4B343F22E8453C4006FC3EB /* BusinessLogic */ = {
			isa = PBXGroup;
			children = (
				D4B343E82E818AB0006FC3EB /* Extention */,
				D4B343E12E79BB5B006FC3EB /* Entity */,
				D4B343EF2E84163B006FC3EB /* Services */,
			);
			path = BusinessLogic;
			sourceTree = "<group>";
		};
		D4BB88042E6A01F80000CAF0 = {
			isa = PBXGroup;
			children = (
				D4BB880F2E6A01F80000CAF0 /* Cryptocurrency */,
				D4BB880E2E6A01F80000CAF0 /* Products */,
				66A7A28CD0015B83C9B381B1 /* Pods */,
				B9DB615B96A48923CF496018 /* Frameworks */,
			);
			sourceTree = "<group>";
		};
		D4BB880E2E6A01F80000CAF0 /* Products */ = {
			isa = PBXGroup;
			children = (
				D4BB880D2E6A01F80000CAF0 /* Cryptocurrency.app */,
			);
			name = Products;
			sourceTree = "<group>";
		};
		D4BB880F2E6A01F80000CAF0 /* Cryptocurrency */ = {
			isa = PBXGroup;
			children = (
				D4B343F22E8453C4006FC3EB /* BusinessLogic */,
				D4432FC82E6DF5FD007CF2A0 /* App */,
				D4BB88162E6A01F80000CAF0 /* Main.storyboard */,
				D4BB88192E6A01FB0000CAF0 /* Assets.xcassets */,
				D4BB881B2E6A01FB0000CAF0 /* LaunchScreen.storyboard */,
				D4BB881E2E6A01FB0000CAF0 /* Info.plist */,
				AD0E32422F0FA5CB74FB3904 /* presentation */,
			);
			path = Cryptocurrency;
			sourceTree = "<group>";
		};
		FA5503101371432A492B40FC /* Router */ = {
			isa = PBXGroup;
			children = (
				AA78628EF0F74A799505FAB5 /* CryptocurrencyListRouterInput.swift */,
				7BF4F2CB7229A2B21E17EA80 /* CryptocurrencyListRouter.swift */,
			);
			path = Router;
			sourceTree = "<group>";
		};
		FE86DBBFE996D5ABFA6E7F44 /* CryptocurrencyList */ = {
			isa = PBXGroup;
			children = (
				C0E8B65DC24DBB756ACE462A /* Factory */,
				20296627A41C5D95947B758B /* View */,
				1D50E359719C45F2585D2C34 /* Presenter */,
				FA5503101371432A492B40FC /* Router */,
				988A0CB3A7C7405E50C70393 /* Interactor */,
			);
			path = CryptocurrencyList;
			sourceTree = "<group>";
		};
/* End PBXGroup section */

/* Begin PBXNativeTarget section */
		D4BB880C2E6A01F80000CAF0 /* Cryptocurrency */ = {
			isa = PBXNativeTarget;
			buildConfigurationList = D4BB88212E6A01FB0000CAF0 /* Build configuration list for PBXNativeTarget "Cryptocurrency" */;
			buildPhases = (
				302992AAF4F0B74B8F883594 /* [CP] Check Pods Manifest.lock */,
				D4BB88092E6A01F80000CAF0 /* Sources */,
				D4BB880A2E6A01F80000CAF0 /* Frameworks */,
				D4BB880B2E6A01F80000CAF0 /* Resources */,
				5D8459100EA4D08D47103339 /* [CP] Embed Pods Frameworks */,
			);
			buildRules = (
			);
			dependencies = (
			);
			name = Cryptocurrency;
			productName = Cryptocurrency;
			productReference = D4BB880D2E6A01F80000CAF0 /* Cryptocurrency.app */;
			productType = "com.apple.product-type.application";
		};
/* End PBXNativeTarget section */

/* Begin PBXProject section */
		D4BB88052E6A01F80000CAF0 /* Project object */ = {
			isa = PBXProject;
			attributes = {
				BuildIndependentTargetsInParallel = 1;
				LastSwiftUpdateCheck = 1520;
				LastUpgradeCheck = 1520;
				TargetAttributes = {
					D4BB880C2E6A01F80000CAF0 = {
						CreatedOnToolsVersion = 15.2;
					};
				};
			};
			buildConfigurationList = D4BB88082E6A01F80000CAF0 /* Build configuration list for PBXProject "Cryptocurrency" */;
			compatibilityVersion = "Xcode 14.0";
			developmentRegion = en;
			hasScannedForEncodings = 0;
			knownRegions = (
				en,
				Base,
			);
			mainGroup = D4BB88042E6A01F80000CAF0;
			productRefGroup = D4BB880E2E6A01F80000CAF0 /* Products */;
			projectDirPath = "";
			projectRoot = "";
			targets = (
				D4BB880C2E6A01F80000CAF0 /* Cryptocurrency */,
			);
		};
/* End PBXProject section */

/* Begin PBXResourcesBuildPhase section */
		D4BB880B2E6A01F80000CAF0 /* Resources */ = {
			isa = PBXResourcesBuildPhase;
			buildActionMask = 2147483647;
			files = (
				D4BB881D2E6A01FB0000CAF0 /* LaunchScreen.storyboard in Resources */,
				D4BB881A2E6A01FB0000CAF0 /* Assets.xcassets in Resources */,
				D4BB88182E6A01F80000CAF0 /* Main.storyboard in Resources */,
			);
			runOnlyForDeploymentPostprocessing = 0;
		};
/* End PBXResourcesBuildPhase section */

/* Begin PBXShellScriptBuildPhase section */
		302992AAF4F0B74B8F883594 /* [CP] Check Pods Manifest.lock */ = {
			isa = PBXShellScriptBuildPhase;
			buildActionMask = 2147483647;
			files = (
			);
			inputFileListPaths = (
			);
			inputPaths = (
				"${PODS_PODFILE_DIR_PATH}/Podfile.lock",
				"${PODS_ROOT}/Manifest.lock",
			);
			name = "[CP] Check Pods Manifest.lock";
			outputFileListPaths = (
			);
			outputPaths = (
				"$(DERIVED_FILE_DIR)/Pods-Cryptocurrency-checkManifestLockResult.txt",
			);
			runOnlyForDeploymentPostprocessing = 0;
			shellPath = /bin/sh;
			shellScript = "diff \"${PODS_PODFILE_DIR_PATH}/Podfile.lock\" \"${PODS_ROOT}/Manifest.lock\" > /dev/null\nif [ $? != 0 ] ; then\n    # print error to STDERR\n    echo \"error: The sandbox is not in sync with the Podfile.lock. Run 'pod install' or update your CocoaPods installation.\" >&2\n    exit 1\nfi\n# This output is used by Xcode 'outputs' to avoid re-running this script phase.\necho \"SUCCESS\" > \"${SCRIPT_OUTPUT_FILE_0}\"\n";
			showEnvVarsInLog = 0;
		};
		5D8459100EA4D08D47103339 /* [CP] Embed Pods Frameworks */ = {
			isa = PBXShellScriptBuildPhase;
			buildActionMask = 2147483647;
			files = (
			);
			inputFileListPaths = (
				"${PODS_ROOT}/Target Support Files/Pods-Cryptocurrency/Pods-Cryptocurrency-frameworks-${CONFIGURATION}-input-files.xcfilelist",
			);
			name = "[CP] Embed Pods Frameworks";
			outputFileListPaths = (
				"${PODS_ROOT}/Target Support Files/Pods-Cryptocurrency/Pods-Cryptocurrency-frameworks-${CONFIGURATION}-output-files.xcfilelist",
			);
			runOnlyForDeploymentPostprocessing = 0;
			shellPath = /bin/sh;
			shellScript = "\"${PODS_ROOT}/Target Support Files/Pods-Cryptocurrency/Pods-Cryptocurrency-frameworks.sh\"\n";
			showEnvVarsInLog = 0;
		};
/* End PBXShellScriptBuildPhase section */

/* Begin PBXSourcesBuildPhase section */
		D4BB88092E6A01F80000CAF0 /* Sources */ = {
			isa = PBXSourcesBuildPhase;
			buildActionMask = 2147483647;
			files = (
				D4432FC72E6DF5DD007CF2A0 /* MainModuleAssembler.swift in Sources */,
				D4B343F62E85A4A2006FC3EB /* NetworkMonitor.swift in Sources */,
				D4B343EA2E818ACF006FC3EB /* String+FirstUppercased.swift in Sources */,
				D4BB88112E6A01F80000CAF0 /* AppDelegate.swift in Sources */,
				D4AEFAD42E7324E5004248E7 /* TabBarController.swift in Sources */,
				D4BB88132E6A01F80000CAF0 /* SceneDelegate.swift in Sources */,
				D4432FCC2E6DF6D4007CF2A0 /* UIViewInput.swift in Sources */,
				D4432FCE2E6DF8C0007CF2A0 /* TransitionHandler.swift in Sources */,
				A6E44E63C0AA7739284C5C29 /* CryptocurrencyListFactory.swift in Sources */,
				FF6C0957C5E7D543233B6A66 /* CryptocurrencyListViewInput.swift in Sources */,
				7E22B3E0EE2120FC049B8FAB /* CryptocurrencyListViewOutput.swift in Sources */,
				D4B343FC2E85B422006FC3EB /* UITableView+register.swift in Sources */,
				B12721C68A0702DE9ECA1C53 /* CryptocurrencyListViewController.swift in Sources */,
				49AB795E9D74781D272B55D8 /* CryptocurrencyListModuleInput.swift in Sources */,
				F6DE6824FD6B24B905A09EDB /* CryptocurrencyListPresenter.swift in Sources */,
				3FA7E47BE44AF7DBF1F1F7CA /* CryptocurrencyListRouterInput.swift in Sources */,
				6D70745ED872C6060205DB5B /* CryptocurrencyListRouter.swift in Sources */,
				D4B343E52E7AFAF1006FC3EB /* DetailsSegmentControl.swift in Sources */,
				D4B343EC2E8193A2006FC3EB /* CoinHeaderView.swift in Sources */,
				311C5A2B1BA656DCD6612052 /* CryptocurrencyListinteractorInput.swift in Sources */,
				3EDE10D52029A7993B1CECEA /* CryptocurrencyListinteractorOutput.swift in Sources */,
				08E332C4DAE62A743F10E882 /* CryptocurrencyListinteractor.swift in Sources */,
				C5AE8625778C1A199938FF4E /* FavoritesFactory.swift in Sources */,
				D3ED182C3A3288029D0C3E0F /* FavoritesViewInput.swift in Sources */,
				8460A08AEE49D7C79D813A02 /* FavoritesViewOutput.swift in Sources */,
				31CCB202AB2A89356C2CB9E4 /* FavoritesViewController.swift in Sources */,
				E35E00AF621411927120B31B /* FavoritesModuleInput.swift in Sources */,
				C939C8527639E46B14A7D582 /* FavoritesPresenter.swift in Sources */,
				D4B343F82E85AAEA006FC3EB /* CoinCellViewModel.swift in Sources */,
				A717821C874D3354EBA1E9E7 /* FavoritesRouterInput.swift in Sources */,
				1AA4C57735996A267A480620 /* FavoritesRouter.swift in Sources */,
				19EA7AD0AD1DDDE899186056 /* FavoritesinteractorInput.swift in Sources */,
				71E9BD538FEB9A7AE2E09D2D /* FavoritesinteractorOutput.swift in Sources */,
				7CF8290B02095BEFDE8EE045 /* Favoritesinteractor.swift in Sources */,
				D4B343FE2E85B52C006FC3EB /* UITableView+dequeue.swift in Sources */,
				A735AA18F9A5E343D6E3BFB8 /* detailsFactory.swift in Sources */,
				281036DE2AF6F6B44C6F7CC6 /* detailsViewInput.swift in Sources */,
				DE893780A03BA0759AB1DD23 /* detailsViewOutput.swift in Sources */,
				D4B343E72E7DA312006FC3EB /* CryptoCurrencyTableViewCell.swift in Sources */,
				D4B343EE2E841629006FC3EB /* FavoritesServiceProtocol.swift in Sources */,
				A3B85E569B527A19E4E80325 /* detailsViewController.swift in Sources */,
				259D463BEFAB1C5F035A0CDB /* detailsModuleInput.swift in Sources */,
				44079BB5CB37E362367093F5 /* detailsPresenter.swift in Sources */,
				6299FF763E39FF638091FD4B /* detailsRouterInput.swift in Sources */,
				A1F149A6BD0E8590AE96BA45 /* detailsRouter.swift in Sources */,
				D4B343F12E8416A8006FC3EB /* FavoritesService.swift in Sources */,
				D4B343FA2E85B237006FC3EB /* UITableViewCell+identifier.swift in Sources */,
				F0BE90A9383C8734A667B94F /* detailsinteractorInput.swift in Sources */,
				1CD6C5315E3893A4350AB402 /* detailsinteractorOutput.swift in Sources */,
				D4B343E32E79BBA3006FC3EB /* Coin.swift in Sources */,
				D4B343F42E85A437006FC3EB /* NoInternetViewController.swift in Sources */,
				6DBC07B9CC55B47273426863 /* detailsinteractor.swift in Sources */,
			);
			runOnlyForDeploymentPostprocessing = 0;
		};
/* End PBXSourcesBuildPhase section */

/* Begin PBXVariantGroup section */
		D4BB88162E6A01F80000CAF0 /* Main.storyboard */ = {
			isa = PBXVariantGroup;
			children = (
				D4BB88172E6A01F80000CAF0 /* Base */,
			);
			name = Main.storyboard;
			sourceTree = "<group>";
		};
		D4BB881B2E6A01FB0000CAF0 /* LaunchScreen.storyboard */ = {
			isa = PBXVariantGroup;
			children = (
				D4BB881C2E6A01FB0000CAF0 /* Base */,
			);
			name = LaunchScreen.storyboard;
			sourceTree = "<group>";
		};
/* End PBXVariantGroup section */

/* Begin XCBuildConfiguration section */
		D4BB881F2E6A01FB0000CAF0 /* Debug */ = {
			isa = XCBuildConfiguration;
			buildSettings = {
				ALWAYS_SEARCH_USER_PATHS = NO;
				ASSETCATALOG_COMPILER_GENERATE_SWIFT_ASSET_SYMBOL_EXTENSIONS = YES;
				CLANG_ANALYZER_NONNULL = YES;
				CLANG_ANALYZER_NUMBER_OBJECT_CONVERSION = YES_AGGRESSIVE;
				CLANG_CXX_LANGUAGE_STANDARD = "gnu++20";
				CLANG_ENABLE_MODULES = YES;
				CLANG_ENABLE_OBJC_ARC = YES;
				CLANG_ENABLE_OBJC_WEAK = YES;
				CLANG_WARN_BLOCK_CAPTURE_AUTORELEASING = YES;
				CLANG_WARN_BOOL_CONVERSION = YES;
				CLANG_WARN_COMMA = YES;
				CLANG_WARN_CONSTANT_CONVERSION = YES;
				CLANG_WARN_DEPRECATED_OBJC_IMPLEMENTATIONS = YES;
				CLANG_WARN_DIRECT_OBJC_ISA_USAGE = YES_ERROR;
				CLANG_WARN_DOCUMENTATION_COMMENTS = YES;
				CLANG_WARN_EMPTY_BODY = YES;
				CLANG_WARN_ENUM_CONVERSION = YES;
				CLANG_WARN_INFINITE_RECURSION = YES;
				CLANG_WARN_INT_CONVERSION = YES;
				CLANG_WARN_NON_LITERAL_NULL_CONVERSION = YES;
				CLANG_WARN_OBJC_IMPLICIT_RETAIN_SELF = YES;
				CLANG_WARN_OBJC_LITERAL_CONVERSION = YES;
				CLANG_WARN_OBJC_ROOT_CLASS = YES_ERROR;
				CLANG_WARN_QUOTED_INCLUDE_IN_FRAMEWORK_HEADER = YES;
				CLANG_WARN_RANGE_LOOP_ANALYSIS = YES;
				CLANG_WARN_STRICT_PROTOTYPES = YES;
				CLANG_WARN_SUSPICIOUS_MOVE = YES;
				CLANG_WARN_UNGUARDED_AVAILABILITY = YES_AGGRESSIVE;
				CLANG_WARN_UNREACHABLE_CODE = YES;
				CLANG_WARN__DUPLICATE_METHOD_MATCH = YES;
				COPY_PHASE_STRIP = NO;
				DEBUG_INFORMATION_FORMAT = dwarf;
				ENABLE_STRICT_OBJC_MSGSEND = YES;
				ENABLE_TESTABILITY = YES;
				ENABLE_USER_SCRIPT_SANDBOXING = YES;
				GCC_C_LANGUAGE_STANDARD = gnu17;
				GCC_DYNAMIC_NO_PIC = NO;
				GCC_NO_COMMON_BLOCKS = YES;
				GCC_OPTIMIZATION_LEVEL = 0;
				GCC_PREPROCESSOR_DEFINITIONS = (
					"DEBUG=1",
					"$(inherited)",
				);
				GCC_WARN_64_TO_32_BIT_CONVERSION = YES;
				GCC_WARN_ABOUT_RETURN_TYPE = YES_ERROR;
				GCC_WARN_UNDECLARED_SELECTOR = YES;
				GCC_WARN_UNINITIALIZED_AUTOS = YES_AGGRESSIVE;
				GCC_WARN_UNUSED_FUNCTION = YES;
				GCC_WARN_UNUSED_VARIABLE = YES;
				IPHONEOS_DEPLOYMENT_TARGET = 14.0;
				LOCALIZATION_PREFERS_STRING_CATALOGS = YES;
				MTL_ENABLE_DEBUG_INFO = INCLUDE_SOURCE;
				MTL_FAST_MATH = YES;
				ONLY_ACTIVE_ARCH = YES;
				SDKROOT = iphoneos;
				SWIFT_ACTIVE_COMPILATION_CONDITIONS = "DEBUG $(inherited)";
				SWIFT_OPTIMIZATION_LEVEL = "-Onone";
			};
			name = Debug;
		};
		D4BB88202E6A01FB0000CAF0 /* Release */ = {
			isa = XCBuildConfiguration;
			buildSettings = {
				ALWAYS_SEARCH_USER_PATHS = NO;
				ASSETCATALOG_COMPILER_GENERATE_SWIFT_ASSET_SYMBOL_EXTENSIONS = YES;
				CLANG_ANALYZER_NONNULL = YES;
				CLANG_ANALYZER_NUMBER_OBJECT_CONVERSION = YES_AGGRESSIVE;
				CLANG_CXX_LANGUAGE_STANDARD = "gnu++20";
				CLANG_ENABLE_MODULES = YES;
				CLANG_ENABLE_OBJC_ARC = YES;
				CLANG_ENABLE_OBJC_WEAK = YES;
				CLANG_WARN_BLOCK_CAPTURE_AUTORELEASING = YES;
				CLANG_WARN_BOOL_CONVERSION = YES;
				CLANG_WARN_COMMA = YES;
				CLANG_WARN_CONSTANT_CONVERSION = YES;
				CLANG_WARN_DEPRECATED_OBJC_IMPLEMENTATIONS = YES;
				CLANG_WARN_DIRECT_OBJC_ISA_USAGE = YES_ERROR;
				CLANG_WARN_DOCUMENTATION_COMMENTS = YES;
				CLANG_WARN_EMPTY_BODY = YES;
				CLANG_WARN_ENUM_CONVERSION = YES;
				CLANG_WARN_INFINITE_RECURSION = YES;
				CLANG_WARN_INT_CONVERSION = YES;
				CLANG_WARN_NON_LITERAL_NULL_CONVERSION = YES;
				CLANG_WARN_OBJC_IMPLICIT_RETAIN_SELF = YES;
				CLANG_WARN_OBJC_LITERAL_CONVERSION = YES;
				CLANG_WARN_OBJC_ROOT_CLASS = YES_ERROR;
				CLANG_WARN_QUOTED_INCLUDE_IN_FRAMEWORK_HEADER = YES;
				CLANG_WARN_RANGE_LOOP_ANALYSIS = YES;
				CLANG_WARN_STRICT_PROTOTYPES = YES;
				CLANG_WARN_SUSPICIOUS_MOVE = YES;
				CLANG_WARN_UNGUARDED_AVAILABILITY = YES_AGGRESSIVE;
				CLANG_WARN_UNREACHABLE_CODE = YES;
				CLANG_WARN__DUPLICATE_METHOD_MATCH = YES;
				COPY_PHASE_STRIP = NO;
				DEBUG_INFORMATION_FORMAT = "dwarf-with-dsym";
				ENABLE_NS_ASSERTIONS = NO;
				ENABLE_STRICT_OBJC_MSGSEND = YES;
				ENABLE_USER_SCRIPT_SANDBOXING = YES;
				GCC_C_LANGUAGE_STANDARD = gnu17;
				GCC_NO_COMMON_BLOCKS = YES;
				GCC_WARN_64_TO_32_BIT_CONVERSION = YES;
				GCC_WARN_ABOUT_RETURN_TYPE = YES_ERROR;
				GCC_WARN_UNDECLARED_SELECTOR = YES;
				GCC_WARN_UNINITIALIZED_AUTOS = YES_AGGRESSIVE;
				GCC_WARN_UNUSED_FUNCTION = YES;
				GCC_WARN_UNUSED_VARIABLE = YES;
				IPHONEOS_DEPLOYMENT_TARGET = 14.0;
				LOCALIZATION_PREFERS_STRING_CATALOGS = YES;
				MTL_ENABLE_DEBUG_INFO = NO;
				MTL_FAST_MATH = YES;
				SDKROOT = iphoneos;
				SWIFT_COMPILATION_MODE = wholemodule;
				VALIDATE_PRODUCT = YES;
			};
			name = Release;
		};
		D4BB88222E6A01FB0000CAF0 /* Debug */ = {
			isa = XCBuildConfiguration;
			baseConfigurationReference = 6B128B0F9CE17CB770AB6762 /* Pods-Cryptocurrency.debug.xcconfig */;
			buildSettings = {
				ASSETCATALOG_COMPILER_APPICON_NAME = AppIcon;
				ASSETCATALOG_COMPILER_GLOBAL_ACCENT_COLOR_NAME = AccentColor;
				CODE_SIGN_STYLE = Automatic;
				CURRENT_PROJECT_VERSION = 1;
				DEVELOPMENT_TEAM = S69DS64T8K;
				ENABLE_USER_SCRIPT_SANDBOXING = NO;
				GENERATE_INFOPLIST_FILE = YES;
				INFOPLIST_FILE = Cryptocurrency/Info.plist;
				INFOPLIST_KEY_UIApplicationSupportsIndirectInputEvents = YES;
				INFOPLIST_KEY_UILaunchStoryboardName = LaunchScreen;
				INFOPLIST_KEY_UIMainStoryboardFile = Main;
				INFOPLIST_KEY_UISupportedInterfaceOrientations_iPad = "UIInterfaceOrientationPortrait UIInterfaceOrientationPortraitUpsideDown UIInterfaceOrientationLandscapeLeft UIInterfaceOrientationLandscapeRight";
				INFOPLIST_KEY_UISupportedInterfaceOrientations_iPhone = "UIInterfaceOrientationPortrait UIInterfaceOrientationLandscapeLeft UIInterfaceOrientationLandscapeRight";
				IPHONEOS_DEPLOYMENT_TARGET = 14.0;
				LD_RUNPATH_SEARCH_PATHS = (
					"$(inherited)",
					"@executable_path/Frameworks",
				);
				MARKETING_VERSION = 1.0;
				PRODUCT_BUNDLE_IDENTIFIER = "-.Cryptocurrency";
				PRODUCT_NAME = "$(TARGET_NAME)";
				SWIFT_EMIT_LOC_STRINGS = YES;
				SWIFT_VERSION = 5.0;
				TARGETED_DEVICE_FAMILY = "1,2";
			};
			name = Debug;
		};
		D4BB88232E6A01FB0000CAF0 /* Release */ = {
			isa = XCBuildConfiguration;
			baseConfigurationReference = FFCBB7358A7888861A857290 /* Pods-Cryptocurrency.release.xcconfig */;
			buildSettings = {
				ASSETCATALOG_COMPILER_APPICON_NAME = AppIcon;
				ASSETCATALOG_COMPILER_GLOBAL_ACCENT_COLOR_NAME = AccentColor;
				CODE_SIGN_STYLE = Automatic;
				CURRENT_PROJECT_VERSION = 1;
				DEVELOPMENT_TEAM = S69DS64T8K;
				ENABLE_USER_SCRIPT_SANDBOXING = NO;
				GENERATE_INFOPLIST_FILE = YES;
				INFOPLIST_FILE = Cryptocurrency/Info.plist;
				INFOPLIST_KEY_UIApplicationSupportsIndirectInputEvents = YES;
				INFOPLIST_KEY_UILaunchStoryboardName = LaunchScreen;
				INFOPLIST_KEY_UIMainStoryboardFile = Main;
				INFOPLIST_KEY_UISupportedInterfaceOrientations_iPad = "UIInterfaceOrientationPortrait UIInterfaceOrientationPortraitUpsideDown UIInterfaceOrientationLandscapeLeft UIInterfaceOrientationLandscapeRight";
				INFOPLIST_KEY_UISupportedInterfaceOrientations_iPhone = "UIInterfaceOrientationPortrait UIInterfaceOrientationLandscapeLeft UIInterfaceOrientationLandscapeRight";
				IPHONEOS_DEPLOYMENT_TARGET = 14.0;
				LD_RUNPATH_SEARCH_PATHS = (
					"$(inherited)",
					"@executable_path/Frameworks",
				);
				MARKETING_VERSION = 1.0;
				PRODUCT_BUNDLE_IDENTIFIER = "-.Cryptocurrency";
				PRODUCT_NAME = "$(TARGET_NAME)";
				SWIFT_EMIT_LOC_STRINGS = YES;
				SWIFT_VERSION = 5.0;
				TARGETED_DEVICE_FAMILY = "1,2";
			};
			name = Release;
		};
/* End XCBuildConfiguration section */

/* Begin XCConfigurationList section */
		D4BB88082E6A01F80000CAF0 /* Build configuration list for PBXProject "Cryptocurrency" */ = {
			isa = XCConfigurationList;
			buildConfigurations = (
				D4BB881F2E6A01FB0000CAF0 /* Debug */,
				D4BB88202E6A01FB0000CAF0 /* Release */,
			);
			defaultConfigurationIsVisible = 0;
			defaultConfigurationName = Release;
		};
		D4BB88212E6A01FB0000CAF0 /* Build configuration list for PBXNativeTarget "Cryptocurrency" */ = {
			isa = XCConfigurationList;
			buildConfigurations = (
				D4BB88222E6A01FB0000CAF0 /* Debug */,
				D4BB88232E6A01FB0000CAF0 /* Release */,
			);
			defaultConfigurationIsVisible = 0;
			defaultConfigurationName = Release;
		};
/* End XCConfigurationList section */
	};
	rootObject = D4BB88052E6A01F80000CAF0 /* Project object */;
}
